
Microsoft Visual Studio Solution File, Format Version 12.00
# Visual Studio Version 17
VisualStudioVersion = 17.0.31903.59
MinimumVisualStudioVersion = 10.0.40219.1
Project("{F2A71F9B-5D33-465A-A702-920D77279786}") = "AutoTimeLogger", "AutoTimeLogger\AutoTimeLogger.fsproj", "{46D391A6-870C-46F3-B5F4-D841452B9FD6}"
EndProject
Global
	GlobalSection(SolutionConfigurationPlatforms) = preSolution
		Debug|Any CPU = Debug|Any CPU
		Release|Any CPU = Release|Any CPU
	EndGlobalSection
	GlobalSection(SolutionProperties) = preSolution
		HideSolutionNode = FALSE
	EndGlobalSection
	GlobalSection(ProjectConfigurationPlatforms) = postSolution
		{46D391A6-870C-46F3-B5F4-D841452B9FD6}.Debug|Any CPU.ActiveCfg = Debug|Any CPU
		{46D391A6-870C-46F3-B5F4-D841452B9FD6}.Debug|Any CPU.Build.0 = Debug|Any CPU
		{46D391A6-870C-46F3-B5F4-D841452B9FD6}.Release|Any CPU.ActiveCfg = Release|Any CPU
		{46D391A6-870C-46F3-B5F4-D841452B9FD6}.Release|Any CPU.Build.0 = Release|Any CPU
	EndGlobalSection
EndGlobal
